
Microsoft Visual Studio Solution File, Format Version 12.00
# Visual Studio Version 17
VisualStudioVersion = 17.4.33110.190
MinimumVisualStudioVersion = 10.0.40219.1
Project("{FAE04EC0-301F-11D3-BF4B-00C04F79EFBC}") = "FAP", "FAP\FAP.csproj", "{C8EDF3F6-47BC-4EFA-B6A4-F2D2BF74D587}"
EndProject
Project("{9A19103F-16F7-4668-BE54-9A1E7A4F7556}") = "DataServices", "..\Day6\DataServices\DataServices.csproj", "{CFD415AB-E89B-4D28-81F2-8C549FF02075}"
EndProject
Global
	GlobalSection(SolutionConfigurationPlatforms) = preSolution
		Debug|Any CPU = Debug|Any CPU
		Release|Any CPU = Release|Any CPU
	EndGlobalSection
	GlobalSection(ProjectConfigurationPlatforms) = postSolution
		{C8EDF3F6-47BC-4EFA-B6A4-F2D2BF74D587}.Debug|Any CPU.ActiveCfg = Debug|Any CPU
		{C8EDF3F6-47BC-4EFA-B6A4-F2D2BF74D587}.Debug|Any CPU.Build.0 = Debug|Any CPU
		{C8EDF3F6-47BC-4EFA-B6A4-F2D2BF74D587}.Release|Any CPU.ActiveCfg = Release|Any CPU
		{C8EDF3F6-47BC-4EFA-B6A4-F2D2BF74D587}.Release|Any CPU.Build.0 = Release|Any CPU
		{CFD415AB-E89B-4D28-81F2-8C549FF02075}.Debug|Any CPU.ActiveCfg = Debug|Any CPU
		{CFD415AB-E89B-4D28-81F2-8C549FF02075}.Debug|Any CPU.Build.0 = Debug|Any CPU
		{CFD415AB-E89B-4D28-81F2-8C549FF02075}.Release|Any CPU.ActiveCfg = Release|Any CPU
		{CFD415AB-E89B-4D28-81F2-8C549FF02075}.Release|Any CPU.Build.0 = Release|Any CPU
	EndGlobalSection
	GlobalSection(SolutionProperties) = preSolution
		HideSolutionNode = FALSE
	EndGlobalSection
	GlobalSection(ExtensibilityGlobals) = postSolution
		SolutionGuid = {F9B5068F-33D1-42BF-B0E2-935E8C8DD775}
	EndGlobalSection
EndGlobal
